// !$*UTF8*$!
{
	archiveVersion = 1;
	classes = {
	};
	objectVersion = 46;
	objects = {

/* Begin PBXBuildFile section */
		8041D4B11E765AF700FD914B /* ContainerViewController.swift in Sources */ = {isa = PBXBuildFile; fileRef = 8041D4B01E765AF700FD914B /* ContainerViewController.swift */; };
		807BC1FD1E77AE8B007D8D67 /* BackViewController.swift in Sources */ = {isa = PBXBuildFile; fileRef = 807BC1FC1E77AE8B007D8D67 /* BackViewController.swift */; };
		807BC1FF1E77AE96007D8D67 /* FrontViewController.swift in Sources */ = {isa = PBXBuildFile; fileRef = 807BC1FE1E77AE96007D8D67 /* FrontViewController.swift */; };
		807BC2051E77EB4F007D8D67 /* FloatingEscapeViewController.storyboard in Resources */ = {isa = PBXBuildFile; fileRef = 807BC2041E77EB4F007D8D67 /* FloatingEscapeViewController.storyboard */; };
		80E0F53C1E7649CE004CE79A /* AppDelegate.swift in Sources */ = {isa = PBXBuildFile; fileRef = 80E0F53B1E7649CE004CE79A /* AppDelegate.swift */; };
		80E0F5411E7649CE004CE79A /* Main.storyboard in Resources */ = {isa = PBXBuildFile; fileRef = 80E0F53F1E7649CE004CE79A /* Main.storyboard */; };
		80E0F5431E7649CE004CE79A /* Assets.xcassets in Resources */ = {isa = PBXBuildFile; fileRef = 80E0F5421E7649CE004CE79A /* Assets.xcassets */; };
		80E0F5461E7649CE004CE79A /* LaunchScreen.storyboard in Resources */ = {isa = PBXBuildFile; fileRef = 80E0F5441E7649CE004CE79A /* LaunchScreen.storyboard */; };
		80E0F5511E7649CF004CE79A /* FloatingEscapeViewControllerTests.swift in Sources */ = {isa = PBXBuildFile; fileRef = 80E0F5501E7649CF004CE79A /* FloatingEscapeViewControllerTests.swift */; };
		80E0F55C1E7649CF004CE79A /* FloatingEscapeViewControllerUITests.swift in Sources */ = {isa = PBXBuildFile; fileRef = 80E0F55B1E7649CF004CE79A /* FloatingEscapeViewControllerUITests.swift */; };
/* End PBXBuildFile section */

/* Begin PBXContainerItemProxy section */
		80E0F54D1E7649CF004CE79A /* PBXContainerItemProxy */ = {
			isa = PBXContainerItemProxy;
			containerPortal = 80E0F5301E7649CE004CE79A /* Project object */;
			proxyType = 1;
			remoteGlobalIDString = 80E0F5371E7649CE004CE79A;
			remoteInfo = FloatingEscapeViewController;
		};
		80E0F5581E7649CF004CE79A /* PBXContainerItemProxy */ = {
			isa = PBXContainerItemProxy;
			containerPortal = 80E0F5301E7649CE004CE79A /* Project object */;
			proxyType = 1;
			remoteGlobalIDString = 80E0F5371E7649CE004CE79A;
			remoteInfo = FloatingEscapeViewController;
		};
/* End PBXContainerItemProxy section */

/* Begin PBXFileReference section */
		8041D4B01E765AF700FD914B /* ContainerViewController.swift */ = {isa = PBXFileReference; fileEncoding = 4; lastKnownFileType = sourcecode.swift; path = ContainerViewController.swift; sourceTree = "<group>"; };
		807BC1FC1E77AE8B007D8D67 /* BackViewController.swift */ = {isa = PBXFileReference; fileEncoding = 4; lastKnownFileType = sourcecode.swift; path = BackViewController.swift; sourceTree = "<group>"; };
		807BC1FE1E77AE96007D8D67 /* FrontViewController.swift */ = {isa = PBXFileReference; fileEncoding = 4; lastKnownFileType = sourcecode.swift; path = FrontViewController.swift; sourceTree = "<group>"; };
		807BC2041E77EB4F007D8D67 /* FloatingEscapeViewController.storyboard */ = {isa = PBXFileReference; fileEncoding = 4; lastKnownFileType = file.storyboard; path = FloatingEscapeViewController.storyboard; sourceTree = "<group>"; };
		80E0F5381E7649CE004CE79A /* FloatingEscapeViewController.app */ = {isa = PBXFileReference; explicitFileType = wrapper.application; includeInIndex = 0; path = FloatingEscapeViewController.app; sourceTree = BUILT_PRODUCTS_DIR; };
		80E0F53B1E7649CE004CE79A /* AppDelegate.swift */ = {isa = PBXFileReference; lastKnownFileType = sourcecode.swift; path = AppDelegate.swift; sourceTree = "<group>"; };
		80E0F5401E7649CE004CE79A /* Base */ = {isa = PBXFileReference; lastKnownFileType = file.storyboard; name = Base; path = Base.lproj/Main.storyboard; sourceTree = "<group>"; };
		80E0F5421E7649CE004CE79A /* Assets.xcassets */ = {isa = PBXFileReference; lastKnownFileType = folder.assetcatalog; path = Assets.xcassets; sourceTree = "<group>"; };
		80E0F5451E7649CE004CE79A /* Base */ = {isa = PBXFileReference; lastKnownFileType = file.storyboard; name = Base; path = Base.lproj/LaunchScreen.storyboard; sourceTree = "<group>"; };
		80E0F5471E7649CE004CE79A /* Info.plist */ = {isa = PBXFileReference; lastKnownFileType = text.plist.xml; path = Info.plist; sourceTree = "<group>"; };
		80E0F54C1E7649CF004CE79A /* FloatingEscapeViewControllerTests.xctest */ = {isa = PBXFileReference; explicitFileType = wrapper.cfbundle; includeInIndex = 0; path = FloatingEscapeViewControllerTests.xctest; sourceTree = BUILT_PRODUCTS_DIR; };
		80E0F5501E7649CF004CE79A /* FloatingEscapeViewControllerTests.swift */ = {isa = PBXFileReference; lastKnownFileType = sourcecode.swift; path = FloatingEscapeViewControllerTests.swift; sourceTree = "<group>"; };
		80E0F5521E7649CF004CE79A /* Info.plist */ = {isa = PBXFileReference; lastKnownFileType = text.plist.xml; path = Info.plist; sourceTree = "<group>"; };
		80E0F5571E7649CF004CE79A /* FloatingEscapeViewControllerUITests.xctest */ = {isa = PBXFileReference; explicitFileType = wrapper.cfbundle; includeInIndex = 0; path = FloatingEscapeViewControllerUITests.xctest; sourceTree = BUILT_PRODUCTS_DIR; };
		80E0F55B1E7649CF004CE79A /* FloatingEscapeViewControllerUITests.swift */ = {isa = PBXFileReference; lastKnownFileType = sourcecode.swift; path = FloatingEscapeViewControllerUITests.swift; sourceTree = "<group>"; };
		80E0F55D1E7649CF004CE79A /* Info.plist */ = {isa = PBXFileReference; lastKnownFileType = text.plist.xml; path = Info.plist; sourceTree = "<group>"; };
/* End PBXFileReference section */

/* Begin PBXFrameworksBuildPhase section */
		80E0F5351E7649CE004CE79A /* Frameworks */ = {
			isa = PBXFrameworksBuildPhase;
			buildActionMask = 2147483647;
			files = (
			);
			runOnlyForDeploymentPostprocessing = 0;
		};
		80E0F5491E7649CF004CE79A /* Frameworks */ = {
			isa = PBXFrameworksBuildPhase;
			buildActionMask = 2147483647;
			files = (
			);
			runOnlyForDeploymentPostprocessing = 0;
		};
		80E0F5541E7649CF004CE79A /* Frameworks */ = {
			isa = PBXFrameworksBuildPhase;
			buildActionMask = 2147483647;
			files = (
			);
			runOnlyForDeploymentPostprocessing = 0;
		};
/* End PBXFrameworksBuildPhase section */

/* Begin PBXGroup section */
		80E0F52F1E7649CE004CE79A = {
			isa = PBXGroup;
			children = (
				80E0F53A1E7649CE004CE79A /* FloatingEscapeViewController */,
				80E0F54F1E7649CF004CE79A /* FloatingEscapeViewControllerTests */,
				80E0F55A1E7649CF004CE79A /* FloatingEscapeViewControllerUITests */,
				80E0F5391E7649CE004CE79A /* Products */,
			);
			sourceTree = "<group>";
		};
		80E0F5391E7649CE004CE79A /* Products */ = {
			isa = PBXGroup;
			children = (
				80E0F5381E7649CE004CE79A /* FloatingEscapeViewController.app */,
				80E0F54C1E7649CF004CE79A /* FloatingEscapeViewControllerTests.xctest */,
				80E0F5571E7649CF004CE79A /* FloatingEscapeViewControllerUITests.xctest */,
			);
			name = Products;
			sourceTree = "<group>";
		};
		80E0F53A1E7649CE004CE79A /* FloatingEscapeViewController */ = {
			isa = PBXGroup;
			children = (
				80E0F53B1E7649CE004CE79A /* AppDelegate.swift */,
				807BC2041E77EB4F007D8D67 /* FloatingEscapeViewController.storyboard */,
				8041D4B01E765AF700FD914B /* ContainerViewController.swift */,
				80E0F53F1E7649CE004CE79A /* Main.storyboard */,
				80E0F5421E7649CE004CE79A /* Assets.xcassets */,
				80E0F5441E7649CE004CE79A /* LaunchScreen.storyboard */,
				80E0F5471E7649CE004CE79A /* Info.plist */,
				807BC1FC1E77AE8B007D8D67 /* BackViewController.swift */,
				807BC1FE1E77AE96007D8D67 /* FrontViewController.swift */,
			);
			path = FloatingEscapeViewController;
			sourceTree = "<group>";
		};
		80E0F54F1E7649CF004CE79A /* FloatingEscapeViewControllerTests */ = {
			isa = PBXGroup;
			children = (
				80E0F5501E7649CF004CE79A /* FloatingEscapeViewControllerTests.swift */,
				80E0F5521E7649CF004CE79A /* Info.plist */,
			);
			path = FloatingEscapeViewControllerTests;
			sourceTree = "<group>";
		};
		80E0F55A1E7649CF004CE79A /* FloatingEscapeViewControllerUITests */ = {
			isa = PBXGroup;
			children = (
				80E0F55B1E7649CF004CE79A /* FloatingEscapeViewControllerUITests.swift */,
				80E0F55D1E7649CF004CE79A /* Info.plist */,
			);
			path = FloatingEscapeViewControllerUITests;
			sourceTree = "<group>";
		};
/* End PBXGroup section */

/* Begin PBXNativeTarget section */
		80E0F5371E7649CE004CE79A /* FloatingEscapeViewController */ = {
			isa = PBXNativeTarget;
			buildConfigurationList = 80E0F5601E7649CF004CE79A /* Build configuration list for PBXNativeTarget "FloatingEscapeViewController" */;
			buildPhases = (
				80E0F5341E7649CE004CE79A /* Sources */,
				80E0F5351E7649CE004CE79A /* Frameworks */,
				80E0F5361E7649CE004CE79A /* Resources */,
			);
			buildRules = (
			);
			dependencies = (
			);
			name = FloatingEscapeViewController;
			productName = FloatingEscapeViewController;
			productReference = 80E0F5381E7649CE004CE79A /* FloatingEscapeViewController.app */;
			productType = "com.apple.product-type.application";
		};
		80E0F54B1E7649CF004CE79A /* FloatingEscapeViewControllerTests */ = {
			isa = PBXNativeTarget;
			buildConfigurationList = 80E0F5631E7649CF004CE79A /* Build configuration list for PBXNativeTarget "FloatingEscapeViewControllerTests" */;
			buildPhases = (
				80E0F5481E7649CF004CE79A /* Sources */,
				80E0F5491E7649CF004CE79A /* Frameworks */,
				80E0F54A1E7649CF004CE79A /* Resources */,
			);
			buildRules = (
			);
			dependencies = (
				80E0F54E1E7649CF004CE79A /* PBXTargetDependency */,
			);
			name = FloatingEscapeViewControllerTests;
			productName = FloatingEscapeViewControllerTests;
			productReference = 80E0F54C1E7649CF004CE79A /* FloatingEscapeViewControllerTests.xctest */;
			productType = "com.apple.product-type.bundle.unit-test";
		};
		80E0F5561E7649CF004CE79A /* FloatingEscapeViewControllerUITests */ = {
			isa = PBXNativeTarget;
			buildConfigurationList = 80E0F5661E7649CF004CE79A /* Build configuration list for PBXNativeTarget "FloatingEscapeViewControllerUITests" */;
			buildPhases = (
				80E0F5531E7649CF004CE79A /* Sources */,
				80E0F5541E7649CF004CE79A /* Frameworks */,
				80E0F5551E7649CF004CE79A /* Resources */,
			);
			buildRules = (
			);
			dependencies = (
				80E0F5591E7649CF004CE79A /* PBXTargetDependency */,
			);
			name = FloatingEscapeViewControllerUITests;
			productName = FloatingEscapeViewControllerUITests;
			productReference = 80E0F5571E7649CF004CE79A /* FloatingEscapeViewControllerUITests.xctest */;
			productType = "com.apple.product-type.bundle.ui-testing";
		};
/* End PBXNativeTarget section */

/* Begin PBXProject section */
		80E0F5301E7649CE004CE79A /* Project object */ = {
			isa = PBXProject;
			attributes = {
				LastSwiftUpdateCheck = 0820;
				LastUpgradeCheck = 0820;
				ORGANIZATIONNAME = chocoyama;
				TargetAttributes = {
					80E0F5371E7649CE004CE79A = {
						CreatedOnToolsVersion = 8.2.1;
						ProvisioningStyle = Automatic;
					};
					80E0F54B1E7649CF004CE79A = {
						CreatedOnToolsVersion = 8.2.1;
						ProvisioningStyle = Automatic;
						TestTargetID = 80E0F5371E7649CE004CE79A;
					};
					80E0F5561E7649CF004CE79A = {
						CreatedOnToolsVersion = 8.2.1;
						ProvisioningStyle = Automatic;
						TestTargetID = 80E0F5371E7649CE004CE79A;
					};
				};
			};
			buildConfigurationList = 80E0F5331E7649CE004CE79A /* Build configuration list for PBXProject "FloatingEscapeViewController" */;
			compatibilityVersion = "Xcode 3.2";
			developmentRegion = English;
			hasScannedForEncodings = 0;
			knownRegions = (
				en,
				Base,
			);
			mainGroup = 80E0F52F1E7649CE004CE79A;
			productRefGroup = 80E0F5391E7649CE004CE79A /* Products */;
			projectDirPath = "";
			projectRoot = "";
			targets = (
				80E0F5371E7649CE004CE79A /* FloatingEscapeViewController */,
				80E0F54B1E7649CF004CE79A /* FloatingEscapeViewControllerTests */,
				80E0F5561E7649CF004CE79A /* FloatingEscapeViewControllerUITests */,
			);
		};
/* End PBXProject section */

/* Begin PBXResourcesBuildPhase section */
		80E0F5361E7649CE004CE79A /* Resources */ = {
			isa = PBXResourcesBuildPhase;
			buildActionMask = 2147483647;
			files = (
				80E0F5461E7649CE004CE79A /* LaunchScreen.storyboard in Resources */,
				80E0F5431E7649CE004CE79A /* Assets.xcassets in Resources */,
				807BC2051E77EB4F007D8D67 /* FloatingEscapeViewController.storyboard in Resources */,
				80E0F5411E7649CE004CE79A /* Main.storyboard in Resources */,
			);
			runOnlyForDeploymentPostprocessing = 0;
		};
		80E0F54A1E7649CF004CE79A /* Resources */ = {
			isa = PBXResourcesBuildPhase;
			buildActionMask = 2147483647;
			files = (
			);
			runOnlyForDeploymentPostprocessing = 0;
		};
		80E0F5551E7649CF004CE79A /* Resources */ = {
			isa = PBXResourcesBuildPhase;
			buildActionMask = 2147483647;
			files = (
			);
			runOnlyForDeploymentPostprocessing = 0;
		};
/* End PBXResourcesBuildPhase section */

/* Begin PBXSourcesBuildPhase section */
		80E0F5341E7649CE004CE79A /* Sources */ = {
			isa = PBXSourcesBuildPhase;
			buildActionMask = 2147483647;
			files = (
				807BC1FF1E77AE96007D8D67 /* FrontViewController.swift in Sources */,
				8041D4B11E765AF700FD914B /* ContainerViewController.swift in Sources */,
				807BC1FD1E77AE8B007D8D67 /* BackViewController.swift in Sources */,
				80E0F53C1E7649CE004CE79A /* AppDelegate.swift in Sources */,
			);
			runOnlyForDeploymentPostprocessing = 0;
		};
		80E0F5481E7649CF004CE79A /* Sources */ = {
			isa = PBXSourcesBuildPhase;
			buildActionMask = 2147483647;
			files = (
				80E0F5511E7649CF004CE79A /* FloatingEscapeViewControllerTests.swift in Sources */,
			);
			runOnlyForDeploymentPostprocessing = 0;
		};
		80E0F5531E7649CF004CE79A /* Sources */ = {
			isa = PBXSourcesBuildPhase;
			buildActionMask = 2147483647;
			files = (
				80E0F55C1E7649CF004CE79A /* FloatingEscapeViewControllerUITests.swift in Sources */,
			);
			runOnlyForDeploymentPostprocessing = 0;
		};
/* End PBXSourcesBuildPhase section */

/* Begin PBXTargetDependency section */
		80E0F54E1E7649CF004CE79A /* PBXTargetDependency */ = {
			isa = PBXTargetDependency;
			target = 80E0F5371E7649CE004CE79A /* FloatingEscapeViewController */;
			targetProxy = 80E0F54D1E7649CF004CE79A /* PBXContainerItemProxy */;
		};
		80E0F5591E7649CF004CE79A /* PBXTargetDependency */ = {
			isa = PBXTargetDependency;
			target = 80E0F5371E7649CE004CE79A /* FloatingEscapeViewController */;
			targetProxy = 80E0F5581E7649CF004CE79A /* PBXContainerItemProxy */;
		};
/* End PBXTargetDependency section */

/* Begin PBXVariantGroup section */
		80E0F53F1E7649CE004CE79A /* Main.storyboard */ = {
			isa = PBXVariantGroup;
			children = (
				80E0F5401E7649CE004CE79A /* Base */,
			);
			name = Main.storyboard;
			sourceTree = "<group>";
		};
		80E0F5441E7649CE004CE79A /* LaunchScreen.storyboard */ = {
			isa = PBXVariantGroup;
			children = (
				80E0F5451E7649CE004CE79A /* Base */,
			);
			name = LaunchScreen.storyboard;
			sourceTree = "<group>";
		};
/* End PBXVariantGroup section */

/* Begin XCBuildConfiguration section */
		80E0F55E1E7649CF004CE79A /* Debug */ = {
			isa = XCBuildConfiguration;
			buildSettings = {
				ALWAYS_SEARCH_USER_PATHS = NO;
				CLANG_ANALYZER_NONNULL = YES;
				CLANG_CXX_LANGUAGE_STANDARD = "gnu++0x";
				CLANG_CXX_LIBRARY = "libc++";
				CLANG_ENABLE_MODULES = YES;
				CLANG_ENABLE_OBJC_ARC = YES;
				CLANG_WARN_BOOL_CONVERSION = YES;
				CLANG_WARN_CONSTANT_CONVERSION = YES;
				CLANG_WARN_DIRECT_OBJC_ISA_USAGE = YES_ERROR;
				CLANG_WARN_DOCUMENTATION_COMMENTS = YES;
				CLANG_WARN_EMPTY_BODY = YES;
				CLANG_WARN_ENUM_CONVERSION = YES;
				CLANG_WARN_INFINITE_RECURSION = YES;
				CLANG_WARN_INT_CONVERSION = YES;
				CLANG_WARN_OBJC_ROOT_CLASS = YES_ERROR;
				CLANG_WARN_SUSPICIOUS_MOVE = YES;
				CLANG_WARN_UNREACHABLE_CODE = YES;
				CLANG_WARN__DUPLICATE_METHOD_MATCH = YES;
				"CODE_SIGN_IDENTITY[sdk=iphoneos*]" = "iPhone Developer";
				COPY_PHASE_STRIP = NO;
				DEBUG_INFORMATION_FORMAT = dwarf;
				ENABLE_STRICT_OBJC_MSGSEND = YES;
				ENABLE_TESTABILITY = YES;
				GCC_C_LANGUAGE_STANDARD = gnu99;
				GCC_DYNAMIC_NO_PIC = NO;
				GCC_NO_COMMON_BLOCKS = YES;
				GCC_OPTIMIZATION_LEVEL = 0;
				GCC_PREPROCESSOR_DEFINITIONS = (
					"DEBUG=1",
					"$(inherited)",
				);
				GCC_WARN_64_TO_32_BIT_CONVERSION = YES;
				GCC_WARN_ABOUT_RETURN_TYPE = YES_ERROR;
				GCC_WARN_UNDECLARED_SELECTOR = YES;
				GCC_WARN_UNINITIALIZED_AUTOS = YES_AGGRESSIVE;
				GCC_WARN_UNUSED_FUNCTION = YES;
				GCC_WARN_UNUSED_VARIABLE = YES;
				IPHONEOS_DEPLOYMENT_TARGET = 10.2;
				MTL_ENABLE_DEBUG_INFO = YES;
				ONLY_ACTIVE_ARCH = YES;
				SDKROOT = iphoneos;
				SWIFT_ACTIVE_COMPILATION_CONDITIONS = DEBUG;
				SWIFT_OPTIMIZATION_LEVEL = "-Onone";
				TARGETED_DEVICE_FAMILY = "1,2";
			};
			name = Debug;
		};
		80E0F55F1E7649CF004CE79A /* Release */ = {
			isa = XCBuildConfiguration;
			buildSettings = {
				ALWAYS_SEARCH_USER_PATHS = NO;
				CLANG_ANALYZER_NONNULL = YES;
				CLANG_CXX_LANGUAGE_STANDARD = "gnu++0x";
				CLANG_CXX_LIBRARY = "libc++";
				CLANG_ENABLE_MODULES = YES;
				CLANG_ENABLE_OBJC_ARC = YES;
				CLANG_WARN_BOOL_CONVERSION = YES;
				CLANG_WARN_CONSTANT_CONVERSION = YES;
				CLANG_WARN_DIRECT_OBJC_ISA_USAGE = YES_ERROR;
				CLANG_WARN_DOCUMENTATION_COMMENTS = YES;
				CLANG_WARN_EMPTY_BODY = YES;
				CLANG_WARN_ENUM_CONVERSION = YES;
				CLANG_WARN_INFINITE_RECURSION = YES;
				CLANG_WARN_INT_CONVERSION = YES;
				CLANG_WARN_OBJC_ROOT_CLASS = YES_ERROR;
				CLANG_WARN_SUSPICIOUS_MOVE = YES;
				CLANG_WARN_UNREACHABLE_CODE = YES;
				CLANG_WARN__DUPLICATE_METHOD_MATCH = YES;
				"CODE_SIGN_IDENTITY[sdk=iphoneos*]" = "iPhone Developer";
				COPY_PHASE_STRIP = NO;
				DEBUG_INFORMATION_FORMAT = "dwarf-with-dsym";
				ENABLE_NS_ASSERTIONS = NO;
				ENABLE_STRICT_OBJC_MSGSEND = YES;
				GCC_C_LANGUAGE_STANDARD = gnu99;
				GCC_NO_COMMON_BLOCKS = YES;
				GCC_WARN_64_TO_32_BIT_CONVERSION = YES;
				GCC_WARN_ABOUT_RETURN_TYPE = YES_ERROR;
				GCC_WARN_UNDECLARED_SELECTOR = YES;
				GCC_WARN_UNINITIALIZED_AUTOS = YES_AGGRESSIVE;
				GCC_WARN_UNUSED_FUNCTION = YES;
				GCC_WARN_UNUSED_VARIABLE = YES;
				IPHONEOS_DEPLOYMENT_TARGET = 10.2;
				MTL_ENABLE_DEBUG_INFO = NO;
				SDKROOT = iphoneos;
				SWIFT_OPTIMIZATION_LEVEL = "-Owholemodule";
				TARGETED_DEVICE_FAMILY = "1,2";
				VALIDATE_PRODUCT = YES;
			};
			name = Release;
		};
		80E0F5611E7649CF004CE79A /* Debug */ = {
			isa = XCBuildConfiguration;
			buildSettings = {
				ASSETCATALOG_COMPILER_APPICON_NAME = AppIcon;
				INFOPLIST_FILE = FloatingEscapeViewController/Info.plist;
				LD_RUNPATH_SEARCH_PATHS = "$(inherited) @executable_path/Frameworks";
				PRODUCT_BUNDLE_IDENTIFIER = jp.co.chocoyama.FloatingEscapeViewController;
				PRODUCT_NAME = "$(TARGET_NAME)";
				SWIFT_VERSION = 3.0;
			};
			name = Debug;
		};
		80E0F5621E7649CF004CE79A /* Release */ = {
			isa = XCBuildConfiguration;
			buildSettings = {
				ASSETCATALOG_COMPILER_APPICON_NAME = AppIcon;
				INFOPLIST_FILE = FloatingEscapeViewController/Info.plist;
				LD_RUNPATH_SEARCH_PATHS = "$(inherited) @executable_path/Frameworks";
				PRODUCT_BUNDLE_IDENTIFIER = jp.co.chocoyama.FloatingEscapeViewController;
				PRODUCT_NAME = "$(TARGET_NAME)";
				SWIFT_VERSION = 3.0;
			};
			name = Release;
		};
		80E0F5641E7649CF004CE79A /* Debug */ = {
			isa = XCBuildConfiguration;
			buildSettings = {
				ALWAYS_EMBED_SWIFT_STANDARD_LIBRARIES = YES;
				BUNDLE_LOADER = "$(TEST_HOST)";
				INFOPLIST_FILE = FloatingEscapeViewControllerTests/Info.plist;
				LD_RUNPATH_SEARCH_PATHS = "$(inherited) @executable_path/Frameworks @loader_path/Frameworks";
				PRODUCT_BUNDLE_IDENTIFIER = jp.co.chocoyama.FloatingEscapeViewControllerTests;
				PRODUCT_NAME = "$(TARGET_NAME)";
				SWIFT_VERSION = 3.0;
				TEST_HOST = "$(BUILT_PRODUCTS_DIR)/FloatingEscapeViewController.app/FloatingEscapeViewController";
			};
			name = Debug;
		};
		80E0F5651E7649CF004CE79A /* Release */ = {
			isa = XCBuildConfiguration;
			buildSettings = {
				ALWAYS_EMBED_SWIFT_STANDARD_LIBRARIES = YES;
				BUNDLE_LOADER = "$(TEST_HOST)";
				INFOPLIST_FILE = FloatingEscapeViewControllerTests/Info.plist;
				LD_RUNPATH_SEARCH_PATHS = "$(inherited) @executable_path/Frameworks @loader_path/Frameworks";
				PRODUCT_BUNDLE_IDENTIFIER = jp.co.chocoyama.FloatingEscapeViewControllerTests;
				PRODUCT_NAME = "$(TARGET_NAME)";
				SWIFT_VERSION = 3.0;
				TEST_HOST = "$(BUILT_PRODUCTS_DIR)/FloatingEscapeViewController.app/FloatingEscapeViewController";
			};
			name = Release;
		};
		80E0F5671E7649CF004CE79A /* Debug */ = {
			isa = XCBuildConfiguration;
			buildSettings = {
				ALWAYS_EMBED_SWIFT_STANDARD_LIBRARIES = YES;
				INFOPLIST_FILE = FloatingEscapeViewControllerUITests/Info.plist;
				LD_RUNPATH_SEARCH_PATHS = "$(inherited) @executable_path/Frameworks @loader_path/Frameworks";
				PRODUCT_BUNDLE_IDENTIFIER = jp.co.chocoyama.FloatingEscapeViewControllerUITests;
				PRODUCT_NAME = "$(TARGET_NAME)";
				SWIFT_VERSION = 3.0;
				TEST_TARGET_NAME = FloatingEscapeViewController;
			};
			name = Debug;
		};
		80E0F5681E7649CF004CE79A /* Release */ = {
			isa = XCBuildConfiguration;
			buildSettings = {
				ALWAYS_EMBED_SWIFT_STANDARD_LIBRARIES = YES;
				INFOPLIST_FILE = FloatingEscapeViewControllerUITests/Info.plist;
				LD_RUNPATH_SEARCH_PATHS = "$(inherited) @executable_path/Frameworks @loader_path/Frameworks";
				PRODUCT_BUNDLE_IDENTIFIER = jp.co.chocoyama.FloatingEscapeViewControllerUITests;
				PRODUCT_NAME = "$(TARGET_NAME)";
				SWIFT_VERSION = 3.0;
				TEST_TARGET_NAME = FloatingEscapeViewController;
			};
			name = Release;
		};
/* End XCBuildConfiguration section */

/* Begin XCConfigurationList section */
		80E0F5331E7649CE004CE79A /* Build configuration list for PBXProject "FloatingEscapeViewController" */ = {
			isa = XCConfigurationList;
			buildConfigurations = (
				80E0F55E1E7649CF004CE79A /* Debug */,
				80E0F55F1E7649CF004CE79A /* Release */,
			);
			defaultConfigurationIsVisible = 0;
			defaultConfigurationName = Release;
		};
		80E0F5601E7649CF004CE79A /* Build configuration list for PBXNativeTarget "FloatingEscapeViewController" */ = {
			isa = XCConfigurationList;
			buildConfigurations = (
				80E0F5611E7649CF004CE79A /* Debug */,
				80E0F5621E7649CF004CE79A /* Release */,
			);
			defaultConfigurationIsVisible = 0;
			defaultConfigurationName = Release;
		};
		80E0F5631E7649CF004CE79A /* Build configuration list for PBXNativeTarget "FloatingEscapeViewControllerTests" */ = {
			isa = XCConfigurationList;
			buildConfigurations = (
				80E0F5641E7649CF004CE79A /* Debug */,
				80E0F5651E7649CF004CE79A /* Release */,
			);
			defaultConfigurationIsVisible = 0;
			defaultConfigurationName = Release;
		};
		80E0F5661E7649CF004CE79A /* Build configuration list for PBXNativeTarget "FloatingEscapeViewControllerUITests" */ = {
			isa = XCConfigurationList;
			buildConfigurations = (
				80E0F5671E7649CF004CE79A /* Debug */,
				80E0F5681E7649CF004CE79A /* Release */,
			);
			defaultConfigurationIsVisible = 0;
			defaultConfigurationName = Release;
		};
/* End XCConfigurationList section */
	};
	rootObject = 80E0F5301E7649CE004CE79A /* Project object */;
}
